DEPENDENCIES
  terraform
    path: .
    metadata: true
  terraform_test
    path: test/fixtures/cookbooks/terraform_test

GRAPH
  ark (3.1.0)
    build-essential (>= 0.0.0)
    seven_zip (>= 0.0.0)
    windows (>= 0.0.0)
  build-essential (8.1.1)
    mingw (>= 1.1)
    seven_zip (>= 0.0.0)
  mingw (2.0.2)
    seven_zip (>= 0.0.0)
  seven_zip (3.0.0)
    windows (>= 0.0.0)
  terraform (2.0.1)
    ark (~> 3.1)
    build-essential (~> 8.0)
  terraform_test (0.0.1)
    terraform (>= 0.0.0)
  windows (4.2.2)
